
Microsoft Visual Studio Solution File, Format Version 12.00
# Visual Studio 15
VisualStudioVersion = 15.0.27130.2026
MinimumVisualStudioVersion = 10.0.40219.1
Project("{FAE04EC0-301F-11D3-BF4B-00C04F79EFBC}") = "Project Euler 01", "Project Euler 1\Project Euler 01.csproj", "{5A38E5B5-C1ED-44A9-A742-EDA80A0C8003}"
EndProject
Project("{FAE04EC0-301F-11D3-BF4B-00C04F79EFBC}") = "Project Euler 02", "Project Euler 2\Project Euler 02.csproj", "{699A5FB0-4D44-4C7E-B669-37A264B3B943}"
EndProject
Project("{FAE04EC0-301F-11D3-BF4B-00C04F79EFBC}") = "Project Euler 03", "Project Euler 3\Project Euler 03.csproj", "{CE49D24E-6B2A-47E6-86D1-2FCE9AB5F880}"
EndProject
Project("{FAE04EC0-301F-11D3-BF4B-00C04F79EFBC}") = "Project Euler 04", "Project Euler 4\Project Euler 04.csproj", "{8D06FD99-C280-4813-9867-330A6B2F9AAA}"
EndProject
Project("{FAE04EC0-301F-11D3-BF4B-00C04F79EFBC}") = "Project Euler 05", "Project Euler 5\Project Euler 05.csproj", "{34BD5F3D-20F3-43AD-BF03-F4C6F1B27150}"
EndProject
Project("{FAE04EC0-301F-11D3-BF4B-00C04F79EFBC}") = "Project Euler 06", "Project Euler 06\Project Euler 06.csproj", "{267726BE-1E6D-49D8-A42D-436CEAD261F7}"
EndProject
Project("{FAE04EC0-301F-11D3-BF4B-00C04F79EFBC}") = "Project Euler 07", "Project Euler 07\Project Euler 07.csproj", "{FA641948-C242-4F1B-9E29-8F21C0232D50}"
EndProject
Project("{FAE04EC0-301F-11D3-BF4B-00C04F79EFBC}") = "Project Euler 08", "Project Euler 08\Project Euler 08.csproj", "{539533EC-556C-461A-A5EB-76AF23324CB8}"
EndProject
Project("{FAE04EC0-301F-11D3-BF4B-00C04F79EFBC}") = "Project Euler 09", "Project Euler 09\Project Euler 09.csproj", "{00C708BA-FC2F-480F-86EC-8583BEF2F48C}"
EndProject
Project("{FAE04EC0-301F-11D3-BF4B-00C04F79EFBC}") = "Project Euler 10", "Project Euler 10\Project Euler 10.csproj", "{D6EE2CF6-A138-4CDB-8169-EA3F53DB515F}"
EndProject
Project("{FAE04EC0-301F-11D3-BF4B-00C04F79EFBC}") = "Project Euler 12", "Project Euler 12\Project Euler 12.csproj", "{DB4CD70D-9A56-49F5-B788-5B85290CA3DC}"
EndProject
Project("{FAE04EC0-301F-11D3-BF4B-00C04F79EFBC}") = "Project Euler 13", "Project Euler 13\Project Euler 13.csproj", "{55BF1903-CF90-400A-9884-5C9E310D704F}"
EndProject
Project("{FAE04EC0-301F-11D3-BF4B-00C04F79EFBC}") = "Project Euler 14", "Project Euler 14\Project Euler 14.csproj", "{B6459857-C9B2-4AB4-8A1B-95C54697ACB5}"
EndProject
Project("{FAE04EC0-301F-11D3-BF4B-00C04F79EFBC}") = "Project Euler 15", "Project Euler 15\Project Euler 15.csproj", "{E3484834-E99D-4BC8-984A-E4969CA6290E}"
EndProject
Project("{FAE04EC0-301F-11D3-BF4B-00C04F79EFBC}") = "Project Euler 18", "Project Euler 18\Project Euler 18.csproj", "{F26BB20A-2F3B-47CE-ADDE-F4133799B628}"
EndProject
Project("{FAE04EC0-301F-11D3-BF4B-00C04F79EFBC}") = "Project Euler 67", "Project Euler 67\Project Euler 67.csproj", "{31EB228C-C0BC-4B07-AB6A-FD8FCAD7E401}"
EndProject
Project("{FAE04EC0-301F-11D3-BF4B-00C04F79EFBC}") = "Project Euler 11", "Project Euler 11\Project Euler 11.csproj", "{2E0B8077-5BF7-4AF6-88B0-B0E428EE1A99}"
EndProject
Project("{FAE04EC0-301F-11D3-BF4B-00C04F79EFBC}") = "Project Euler 16", "Project Euler16\Project Euler 16.csproj", "{01A9B31F-F41E-454F-A7AF-BD8701E08666}"
EndProject
Project("{FAE04EC0-301F-11D3-BF4B-00C04F79EFBC}") = "Project Euler 19", "Project Euler 19\Project Euler 19.csproj", "{5941F191-17AB-4A3F-BA8E-20D6F8E010D3}"
EndProject
Project("{FAE04EC0-301F-11D3-BF4B-00C04F79EFBC}") = "Project Euler 20", "Project Euler 20\Project Euler 20.csproj", "{57C3E62F-4CC2-4D1F-B49E-F32B8F530418}"
EndProject
Project("{FAE04EC0-301F-11D3-BF4B-00C04F79EFBC}") = "Project Euler 21", "Project Euler 21\Project Euler 21.csproj", "{FDCC14F0-6C88-4BFA-A0FD-BF2913814D81}"
EndProject
Project("{FAE04EC0-301F-11D3-BF4B-00C04F79EFBC}") = "Project Euler 22", "Project Euler 22\Project Euler 22.csproj", "{D41A37EA-29CB-412A-B70E-68018EFA54AD}"
EndProject
Project("{FAE04EC0-301F-11D3-BF4B-00C04F79EFBC}") = "Project Euler 23", "Project Euler 23\Project Euler 23.csproj", "{EA4B10A8-861C-4635-B33C-7741ADB82A72}"
EndProject
Project("{FAE04EC0-301F-11D3-BF4B-00C04F79EFBC}") = "Project Euler 24", "Project Euler 24\Project Euler 24.csproj", "{1F1B427C-2663-4110-A946-C16E807E9C55}"
EndProject
Project("{FAE04EC0-301F-11D3-BF4B-00C04F79EFBC}") = "Project Euler 27", "Project Euler 27\Project Euler 27.csproj", "{C2096AE3-BFFB-4D2C-97F1-0595B794A697}"
EndProject
Project("{FAE04EC0-301F-11D3-BF4B-00C04F79EFBC}") = "Project Euler 28", "Project Euler 28\Project Euler 28.csproj", "{38AAD029-E761-4DC4-BDA8-850B45E65C8F}"
EndProject
Project("{FAE04EC0-301F-11D3-BF4B-00C04F79EFBC}") = "Project Euler 25", "Project Euler 25\Project Euler 25.csproj", "{10035385-24C3-495E-862A-8D6B29B609C4}"
EndProject
Project("{FAE04EC0-301F-11D3-BF4B-00C04F79EFBC}") = "Project Euler 29", "Project Euler 29\Project Euler 29.csproj", "{752B4D93-70A4-4D9E-9484-94011E6959EC}"
EndProject
Project("{FAE04EC0-301F-11D3-BF4B-00C04F79EFBC}") = "Project Euler 31", "Project Euler 31\Project Euler 31.csproj", "{5E0676B3-8ECD-45B8-BEDE-C8DBD9181498}"
EndProject
Project("{FAE04EC0-301F-11D3-BF4B-00C04F79EFBC}") = "Project Euler 34", "Project Euler 34\Project Euler 34.csproj", "{592E2C45-8B93-4D7A-9A70-4684E4108339}"
EndProject
Project("{FAE04EC0-301F-11D3-BF4B-00C04F79EFBC}") = "Project Euler 35", "Project Euler 35\Project Euler 35.csproj", "{7F5F38B9-AFEE-4403-92F4-8A0B48761A7F}"
EndProject
Project("{FAE04EC0-301F-11D3-BF4B-00C04F79EFBC}") = "Project Euler 36", "Project Euler 36\Project Euler 36.csproj", "{F023EA64-1F9F-4F06-BDEA-ED8754324E68}"
EndProject
Project("{FAE04EC0-301F-11D3-BF4B-00C04F79EFBC}") = "Project Euler 48", "Project Euler 48\Project Euler 48.csproj", "{68F693A5-37B3-4DD4-9A9E-F0C7DDB3F209}"
EndProject
Project("{FAE04EC0-301F-11D3-BF4B-00C04F79EFBC}") = "Project Euler 37", "Project Euler 37\Project Euler 37.csproj", "{81F43346-88A3-44B6-A1BB-9FC367C638A0}"
EndProject
Project("{FAE04EC0-301F-11D3-BF4B-00C04F79EFBC}") = "Project Euler 39", "Project Euler 39\Project Euler 39.csproj", "{2E14D79B-060E-49E5-8160-AE73845607B3}"
EndProject
Project("{FAE04EC0-301F-11D3-BF4B-00C04F79EFBC}") = "Project Euler 41", "Project Euler 41\Project Euler 41.csproj", "{1ADF6F60-2246-4401-B43A-9AC565F33046}"
EndProject
Project("{FAE04EC0-301F-11D3-BF4B-00C04F79EFBC}") = "Project Euler 45", "Project Euler 45\Project Euler 45.csproj", "{DD58EA42-EDAF-485C-A11F-71444EAB0767}"
EndProject
Project("{FAE04EC0-301F-11D3-BF4B-00C04F79EFBC}") = "Project Euler 53", "Project Euler 53\Project Euler 53.csproj", "{33E073A2-B6C6-4F75-A38E-F6859424E12A}"
EndProject
Project("{FAE04EC0-301F-11D3-BF4B-00C04F79EFBC}") = "Project Euler 55", "Project Euler 55\Project Euler 55.csproj", "{14D8A02D-A635-4791-9786-7CEFAD0421C0}"
EndProject
Project("{FAE04EC0-301F-11D3-BF4B-00C04F79EFBC}") = "Project Euler 56", "Project Euler 56\Project Euler 56.csproj", "{271EBE50-EEF8-4619-B0AE-9EA7F2F8E652}"
EndProject
Project("{FAE04EC0-301F-11D3-BF4B-00C04F79EFBC}") = "Project Euler 59", "Project Euler 59\Project Euler 59.csproj", "{E05B74D4-86DD-421D-B74C-DE9F819B07C3}"
EndProject
Project("{FAE04EC0-301F-11D3-BF4B-00C04F79EFBC}") = "Project Euler 42", "Project Euler 42\Project Euler 42.csproj", "{D144F62F-8873-405C-9010-E5A57A12C6DF}"
EndProject
Project("{FAE04EC0-301F-11D3-BF4B-00C04F79EFBC}") = "Project Euler 44", "Project Euler 44\Project Euler 44.csproj", "{1396CB65-8DB4-4942-B376-1A3366B05D58}"
EndProject
Project("{FAE04EC0-301F-11D3-BF4B-00C04F79EFBC}") = "Project Euler 54", "Project Euler 54\Project Euler 54.csproj", "{B78566F3-4B68-453C-B810-6D916A7DEA91}"
EndProject
Global
	GlobalSection(SolutionConfigurationPlatforms) = preSolution
		Debug|Any CPU = Debug|Any CPU
		Debug|x86 = Debug|x86
		Release|Any CPU = Release|Any CPU
		Release|x86 = Release|x86
	EndGlobalSection
	GlobalSection(ProjectConfigurationPlatforms) = postSolution
		{5A38E5B5-C1ED-44A9-A742-EDA80A0C8003}.Debug|Any CPU.ActiveCfg = Debug|x86
		{5A38E5B5-C1ED-44A9-A742-EDA80A0C8003}.Debug|x86.ActiveCfg = Debug|x86
		{5A38E5B5-C1ED-44A9-A742-EDA80A0C8003}.Debug|x86.Build.0 = Debug|x86
		{5A38E5B5-C1ED-44A9-A742-EDA80A0C8003}.Release|Any CPU.ActiveCfg = Release|x86
		{5A38E5B5-C1ED-44A9-A742-EDA80A0C8003}.Release|x86.ActiveCfg = Release|x86
		{5A38E5B5-C1ED-44A9-A742-EDA80A0C8003}.Release|x86.Build.0 = Release|x86
		{699A5FB0-4D44-4C7E-B669-37A264B3B943}.Debug|Any CPU.ActiveCfg = Debug|x86
		{699A5FB0-4D44-4C7E-B669-37A264B3B943}.Debug|x86.ActiveCfg = Debug|x86
		{699A5FB0-4D44-4C7E-B669-37A264B3B943}.Debug|x86.Build.0 = Debug|x86
		{699A5FB0-4D44-4C7E-B669-37A264B3B943}.Release|Any CPU.ActiveCfg = Release|x86
		{699A5FB0-4D44-4C7E-B669-37A264B3B943}.Release|x86.ActiveCfg = Release|x86
		{699A5FB0-4D44-4C7E-B669-37A264B3B943}.Release|x86.Build.0 = Release|x86
		{CE49D24E-6B2A-47E6-86D1-2FCE9AB5F880}.Debug|Any CPU.ActiveCfg = Debug|x86
		{CE49D24E-6B2A-47E6-86D1-2FCE9AB5F880}.Debug|x86.ActiveCfg = Debug|x86
		{CE49D24E-6B2A-47E6-86D1-2FCE9AB5F880}.Debug|x86.Build.0 = Debug|x86
		{CE49D24E-6B2A-47E6-86D1-2FCE9AB5F880}.Release|Any CPU.ActiveCfg = Release|x86
		{CE49D24E-6B2A-47E6-86D1-2FCE9AB5F880}.Release|x86.ActiveCfg = Release|x86
		{CE49D24E-6B2A-47E6-86D1-2FCE9AB5F880}.Release|x86.Build.0 = Release|x86
		{8D06FD99-C280-4813-9867-330A6B2F9AAA}.Debug|Any CPU.ActiveCfg = Debug|x86
		{8D06FD99-C280-4813-9867-330A6B2F9AAA}.Debug|x86.ActiveCfg = Debug|x86
		{8D06FD99-C280-4813-9867-330A6B2F9AAA}.Debug|x86.Build.0 = Debug|x86
		{8D06FD99-C280-4813-9867-330A6B2F9AAA}.Release|Any CPU.ActiveCfg = Release|x86
		{8D06FD99-C280-4813-9867-330A6B2F9AAA}.Release|x86.ActiveCfg = Release|x86
		{8D06FD99-C280-4813-9867-330A6B2F9AAA}.Release|x86.Build.0 = Release|x86
		{34BD5F3D-20F3-43AD-BF03-F4C6F1B27150}.Debug|Any CPU.ActiveCfg = Debug|x86
		{34BD5F3D-20F3-43AD-BF03-F4C6F1B27150}.Debug|x86.ActiveCfg = Debug|x86
		{34BD5F3D-20F3-43AD-BF03-F4C6F1B27150}.Debug|x86.Build.0 = Debug|x86
		{34BD5F3D-20F3-43AD-BF03-F4C6F1B27150}.Release|Any CPU.ActiveCfg = Release|x86
		{34BD5F3D-20F3-43AD-BF03-F4C6F1B27150}.Release|x86.ActiveCfg = Release|x86
		{34BD5F3D-20F3-43AD-BF03-F4C6F1B27150}.Release|x86.Build.0 = Release|x86
		{267726BE-1E6D-49D8-A42D-436CEAD261F7}.Debug|Any CPU.ActiveCfg = Debug|x86
		{267726BE-1E6D-49D8-A42D-436CEAD261F7}.Debug|x86.ActiveCfg = Debug|x86
		{267726BE-1E6D-49D8-A42D-436CEAD261F7}.Debug|x86.Build.0 = Debug|x86
		{267726BE-1E6D-49D8-A42D-436CEAD261F7}.Release|Any CPU.ActiveCfg = Release|x86
		{267726BE-1E6D-49D8-A42D-436CEAD261F7}.Release|x86.ActiveCfg = Release|x86
		{267726BE-1E6D-49D8-A42D-436CEAD261F7}.Release|x86.Build.0 = Release|x86
		{FA641948-C242-4F1B-9E29-8F21C0232D50}.Debug|Any CPU.ActiveCfg = Debug|x86
		{FA641948-C242-4F1B-9E29-8F21C0232D50}.Debug|x86.ActiveCfg = Debug|x86
		{FA641948-C242-4F1B-9E29-8F21C0232D50}.Debug|x86.Build.0 = Debug|x86
		{FA641948-C242-4F1B-9E29-8F21C0232D50}.Release|Any CPU.ActiveCfg = Release|x86
		{FA641948-C242-4F1B-9E29-8F21C0232D50}.Release|x86.ActiveCfg = Release|x86
		{FA641948-C242-4F1B-9E29-8F21C0232D50}.Release|x86.Build.0 = Release|x86
		{539533EC-556C-461A-A5EB-76AF23324CB8}.Debug|Any CPU.ActiveCfg = Debug|x86
		{539533EC-556C-461A-A5EB-76AF23324CB8}.Debug|x86.ActiveCfg = Debug|x86
		{539533EC-556C-461A-A5EB-76AF23324CB8}.Debug|x86.Build.0 = Debug|x86
		{539533EC-556C-461A-A5EB-76AF23324CB8}.Release|Any CPU.ActiveCfg = Release|x86
		{539533EC-556C-461A-A5EB-76AF23324CB8}.Release|x86.ActiveCfg = Release|x86
		{539533EC-556C-461A-A5EB-76AF23324CB8}.Release|x86.Build.0 = Release|x86
		{00C708BA-FC2F-480F-86EC-8583BEF2F48C}.Debug|Any CPU.ActiveCfg = Debug|x86
		{00C708BA-FC2F-480F-86EC-8583BEF2F48C}.Debug|x86.ActiveCfg = Debug|x86
		{00C708BA-FC2F-480F-86EC-8583BEF2F48C}.Debug|x86.Build.0 = Debug|x86
		{00C708BA-FC2F-480F-86EC-8583BEF2F48C}.Release|Any CPU.ActiveCfg = Release|x86
		{00C708BA-FC2F-480F-86EC-8583BEF2F48C}.Release|x86.ActiveCfg = Release|x86
		{00C708BA-FC2F-480F-86EC-8583BEF2F48C}.Release|x86.Build.0 = Release|x86
		{D6EE2CF6-A138-4CDB-8169-EA3F53DB515F}.Debug|Any CPU.ActiveCfg = Debug|x86
		{D6EE2CF6-A138-4CDB-8169-EA3F53DB515F}.Debug|x86.ActiveCfg = Debug|x86
		{D6EE2CF6-A138-4CDB-8169-EA3F53DB515F}.Debug|x86.Build.0 = Debug|x86
		{D6EE2CF6-A138-4CDB-8169-EA3F53DB515F}.Release|Any CPU.ActiveCfg = Release|x86
		{D6EE2CF6-A138-4CDB-8169-EA3F53DB515F}.Release|x86.ActiveCfg = Release|x86
		{D6EE2CF6-A138-4CDB-8169-EA3F53DB515F}.Release|x86.Build.0 = Release|x86
		{DB4CD70D-9A56-49F5-B788-5B85290CA3DC}.Debug|Any CPU.ActiveCfg = Debug|x86
		{DB4CD70D-9A56-49F5-B788-5B85290CA3DC}.Debug|x86.ActiveCfg = Debug|x86
		{DB4CD70D-9A56-49F5-B788-5B85290CA3DC}.Debug|x86.Build.0 = Debug|x86
		{DB4CD70D-9A56-49F5-B788-5B85290CA3DC}.Release|Any CPU.ActiveCfg = Release|x86
		{DB4CD70D-9A56-49F5-B788-5B85290CA3DC}.Release|x86.ActiveCfg = Release|x86
		{DB4CD70D-9A56-49F5-B788-5B85290CA3DC}.Release|x86.Build.0 = Release|x86
		{55BF1903-CF90-400A-9884-5C9E310D704F}.Debug|Any CPU.ActiveCfg = Debug|x86
		{55BF1903-CF90-400A-9884-5C9E310D704F}.Debug|x86.ActiveCfg = Debug|x86
		{55BF1903-CF90-400A-9884-5C9E310D704F}.Debug|x86.Build.0 = Debug|x86
		{55BF1903-CF90-400A-9884-5C9E310D704F}.Release|Any CPU.ActiveCfg = Release|x86
		{55BF1903-CF90-400A-9884-5C9E310D704F}.Release|x86.ActiveCfg = Release|x86
		{55BF1903-CF90-400A-9884-5C9E310D704F}.Release|x86.Build.0 = Release|x86
		{B6459857-C9B2-4AB4-8A1B-95C54697ACB5}.Debug|Any CPU.ActiveCfg = Debug|x86
		{B6459857-C9B2-4AB4-8A1B-95C54697ACB5}.Debug|x86.ActiveCfg = Debug|x86
		{B6459857-C9B2-4AB4-8A1B-95C54697ACB5}.Debug|x86.Build.0 = Debug|x86
		{B6459857-C9B2-4AB4-8A1B-95C54697ACB5}.Release|Any CPU.ActiveCfg = Release|x86
		{B6459857-C9B2-4AB4-8A1B-95C54697ACB5}.Release|x86.ActiveCfg = Release|x86
		{B6459857-C9B2-4AB4-8A1B-95C54697ACB5}.Release|x86.Build.0 = Release|x86
		{E3484834-E99D-4BC8-984A-E4969CA6290E}.Debug|Any CPU.ActiveCfg = Debug|x86
		{E3484834-E99D-4BC8-984A-E4969CA6290E}.Debug|x86.ActiveCfg = Debug|x86
		{E3484834-E99D-4BC8-984A-E4969CA6290E}.Debug|x86.Build.0 = Debug|x86
		{E3484834-E99D-4BC8-984A-E4969CA6290E}.Release|Any CPU.ActiveCfg = Release|x86
		{E3484834-E99D-4BC8-984A-E4969CA6290E}.Release|x86.ActiveCfg = Release|x86
		{E3484834-E99D-4BC8-984A-E4969CA6290E}.Release|x86.Build.0 = Release|x86
		{F26BB20A-2F3B-47CE-ADDE-F4133799B628}.Debug|Any CPU.ActiveCfg = Debug|x86
		{F26BB20A-2F3B-47CE-ADDE-F4133799B628}.Debug|x86.ActiveCfg = Debug|x86
		{F26BB20A-2F3B-47CE-ADDE-F4133799B628}.Debug|x86.Build.0 = Debug|x86
		{F26BB20A-2F3B-47CE-ADDE-F4133799B628}.Release|Any CPU.ActiveCfg = Release|x86
		{F26BB20A-2F3B-47CE-ADDE-F4133799B628}.Release|x86.ActiveCfg = Release|x86
		{F26BB20A-2F3B-47CE-ADDE-F4133799B628}.Release|x86.Build.0 = Release|x86
		{31EB228C-C0BC-4B07-AB6A-FD8FCAD7E401}.Debug|Any CPU.ActiveCfg = Debug|x86
		{31EB228C-C0BC-4B07-AB6A-FD8FCAD7E401}.Debug|x86.ActiveCfg = Debug|x86
		{31EB228C-C0BC-4B07-AB6A-FD8FCAD7E401}.Debug|x86.Build.0 = Debug|x86
		{31EB228C-C0BC-4B07-AB6A-FD8FCAD7E401}.Release|Any CPU.ActiveCfg = Release|x86
		{31EB228C-C0BC-4B07-AB6A-FD8FCAD7E401}.Release|x86.ActiveCfg = Release|x86
		{31EB228C-C0BC-4B07-AB6A-FD8FCAD7E401}.Release|x86.Build.0 = Release|x86
		{2E0B8077-5BF7-4AF6-88B0-B0E428EE1A99}.Debug|Any CPU.ActiveCfg = Debug|x86
		{2E0B8077-5BF7-4AF6-88B0-B0E428EE1A99}.Debug|x86.ActiveCfg = Debug|x86
		{2E0B8077-5BF7-4AF6-88B0-B0E428EE1A99}.Debug|x86.Build.0 = Debug|x86
		{2E0B8077-5BF7-4AF6-88B0-B0E428EE1A99}.Release|Any CPU.ActiveCfg = Release|x86
		{2E0B8077-5BF7-4AF6-88B0-B0E428EE1A99}.Release|x86.ActiveCfg = Release|x86
		{2E0B8077-5BF7-4AF6-88B0-B0E428EE1A99}.Release|x86.Build.0 = Release|x86
		{01A9B31F-F41E-454F-A7AF-BD8701E08666}.Debug|Any CPU.ActiveCfg = Debug|x86
		{01A9B31F-F41E-454F-A7AF-BD8701E08666}.Debug|x86.ActiveCfg = Debug|x86
		{01A9B31F-F41E-454F-A7AF-BD8701E08666}.Debug|x86.Build.0 = Debug|x86
		{01A9B31F-F41E-454F-A7AF-BD8701E08666}.Release|Any CPU.ActiveCfg = Release|x86
		{01A9B31F-F41E-454F-A7AF-BD8701E08666}.Release|x86.ActiveCfg = Release|x86
		{01A9B31F-F41E-454F-A7AF-BD8701E08666}.Release|x86.Build.0 = Release|x86
		{5941F191-17AB-4A3F-BA8E-20D6F8E010D3}.Debug|Any CPU.ActiveCfg = Debug|x86
		{5941F191-17AB-4A3F-BA8E-20D6F8E010D3}.Debug|x86.ActiveCfg = Debug|x86
		{5941F191-17AB-4A3F-BA8E-20D6F8E010D3}.Debug|x86.Build.0 = Debug|x86
		{5941F191-17AB-4A3F-BA8E-20D6F8E010D3}.Release|Any CPU.ActiveCfg = Release|x86
		{5941F191-17AB-4A3F-BA8E-20D6F8E010D3}.Release|x86.ActiveCfg = Release|x86
		{5941F191-17AB-4A3F-BA8E-20D6F8E010D3}.Release|x86.Build.0 = Release|x86
		{57C3E62F-4CC2-4D1F-B49E-F32B8F530418}.Debug|Any CPU.ActiveCfg = Debug|x86
		{57C3E62F-4CC2-4D1F-B49E-F32B8F530418}.Debug|x86.ActiveCfg = Debug|x86
		{57C3E62F-4CC2-4D1F-B49E-F32B8F530418}.Debug|x86.Build.0 = Debug|x86
		{57C3E62F-4CC2-4D1F-B49E-F32B8F530418}.Release|Any CPU.ActiveCfg = Release|x86
		{57C3E62F-4CC2-4D1F-B49E-F32B8F530418}.Release|x86.ActiveCfg = Release|x86
		{57C3E62F-4CC2-4D1F-B49E-F32B8F530418}.Release|x86.Build.0 = Release|x86
		{FDCC14F0-6C88-4BFA-A0FD-BF2913814D81}.Debug|Any CPU.ActiveCfg = Debug|x86
		{FDCC14F0-6C88-4BFA-A0FD-BF2913814D81}.Debug|x86.ActiveCfg = Debug|x86
		{FDCC14F0-6C88-4BFA-A0FD-BF2913814D81}.Debug|x86.Build.0 = Debug|x86
		{FDCC14F0-6C88-4BFA-A0FD-BF2913814D81}.Release|Any CPU.ActiveCfg = Release|x86
		{FDCC14F0-6C88-4BFA-A0FD-BF2913814D81}.Release|x86.ActiveCfg = Release|x86
		{FDCC14F0-6C88-4BFA-A0FD-BF2913814D81}.Release|x86.Build.0 = Release|x86
		{D41A37EA-29CB-412A-B70E-68018EFA54AD}.Debug|Any CPU.ActiveCfg = Debug|x86
		{D41A37EA-29CB-412A-B70E-68018EFA54AD}.Debug|x86.ActiveCfg = Debug|x86
		{D41A37EA-29CB-412A-B70E-68018EFA54AD}.Debug|x86.Build.0 = Debug|x86
		{D41A37EA-29CB-412A-B70E-68018EFA54AD}.Release|Any CPU.ActiveCfg = Release|x86
		{D41A37EA-29CB-412A-B70E-68018EFA54AD}.Release|x86.ActiveCfg = Release|x86
		{D41A37EA-29CB-412A-B70E-68018EFA54AD}.Release|x86.Build.0 = Release|x86
		{EA4B10A8-861C-4635-B33C-7741ADB82A72}.Debug|Any CPU.ActiveCfg = Debug|x86
		{EA4B10A8-861C-4635-B33C-7741ADB82A72}.Debug|x86.ActiveCfg = Debug|x86
		{EA4B10A8-861C-4635-B33C-7741ADB82A72}.Debug|x86.Build.0 = Debug|x86
		{EA4B10A8-861C-4635-B33C-7741ADB82A72}.Release|Any CPU.ActiveCfg = Release|x86
		{EA4B10A8-861C-4635-B33C-7741ADB82A72}.Release|x86.ActiveCfg = Release|x86
		{EA4B10A8-861C-4635-B33C-7741ADB82A72}.Release|x86.Build.0 = Release|x86
		{1F1B427C-2663-4110-A946-C16E807E9C55}.Debug|Any CPU.ActiveCfg = Debug|x86
		{1F1B427C-2663-4110-A946-C16E807E9C55}.Debug|x86.ActiveCfg = Debug|x86
		{1F1B427C-2663-4110-A946-C16E807E9C55}.Debug|x86.Build.0 = Debug|x86
		{1F1B427C-2663-4110-A946-C16E807E9C55}.Release|Any CPU.ActiveCfg = Release|x86
		{1F1B427C-2663-4110-A946-C16E807E9C55}.Release|x86.ActiveCfg = Release|x86
		{1F1B427C-2663-4110-A946-C16E807E9C55}.Release|x86.Build.0 = Release|x86
		{C2096AE3-BFFB-4D2C-97F1-0595B794A697}.Debug|Any CPU.ActiveCfg = Debug|x86
		{C2096AE3-BFFB-4D2C-97F1-0595B794A697}.Debug|x86.ActiveCfg = Debug|x86
		{C2096AE3-BFFB-4D2C-97F1-0595B794A697}.Debug|x86.Build.0 = Debug|x86
		{C2096AE3-BFFB-4D2C-97F1-0595B794A697}.Release|Any CPU.ActiveCfg = Release|x86
		{C2096AE3-BFFB-4D2C-97F1-0595B794A697}.Release|x86.ActiveCfg = Release|x86
		{C2096AE3-BFFB-4D2C-97F1-0595B794A697}.Release|x86.Build.0 = Release|x86
		{38AAD029-E761-4DC4-BDA8-850B45E65C8F}.Debug|Any CPU.ActiveCfg = Debug|x86
		{38AAD029-E761-4DC4-BDA8-850B45E65C8F}.Debug|x86.ActiveCfg = Debug|x86
		{38AAD029-E761-4DC4-BDA8-850B45E65C8F}.Debug|x86.Build.0 = Debug|x86
		{38AAD029-E761-4DC4-BDA8-850B45E65C8F}.Release|Any CPU.ActiveCfg = Release|x86
		{38AAD029-E761-4DC4-BDA8-850B45E65C8F}.Release|x86.ActiveCfg = Release|x86
		{38AAD029-E761-4DC4-BDA8-850B45E65C8F}.Release|x86.Build.0 = Release|x86
		{10035385-24C3-495E-862A-8D6B29B609C4}.Debug|Any CPU.ActiveCfg = Debug|Any CPU
		{10035385-24C3-495E-862A-8D6B29B609C4}.Debug|Any CPU.Build.0 = Debug|Any CPU
		{10035385-24C3-495E-862A-8D6B29B609C4}.Debug|x86.ActiveCfg = Debug|Any CPU
		{10035385-24C3-495E-862A-8D6B29B609C4}.Debug|x86.Build.0 = Debug|Any CPU
		{10035385-24C3-495E-862A-8D6B29B609C4}.Release|Any CPU.ActiveCfg = Release|Any CPU
		{10035385-24C3-495E-862A-8D6B29B609C4}.Release|Any CPU.Build.0 = Release|Any CPU
		{10035385-24C3-495E-862A-8D6B29B609C4}.Release|x86.ActiveCfg = Release|Any CPU
		{10035385-24C3-495E-862A-8D6B29B609C4}.Release|x86.Build.0 = Release|Any CPU
		{752B4D93-70A4-4D9E-9484-94011E6959EC}.Debug|Any CPU.ActiveCfg = Debug|Any CPU
		{752B4D93-70A4-4D9E-9484-94011E6959EC}.Debug|Any CPU.Build.0 = Debug|Any CPU
		{752B4D93-70A4-4D9E-9484-94011E6959EC}.Debug|x86.ActiveCfg = Debug|Any CPU
		{752B4D93-70A4-4D9E-9484-94011E6959EC}.Debug|x86.Build.0 = Debug|Any CPU
		{752B4D93-70A4-4D9E-9484-94011E6959EC}.Release|Any CPU.ActiveCfg = Release|Any CPU
		{752B4D93-70A4-4D9E-9484-94011E6959EC}.Release|Any CPU.Build.0 = Release|Any CPU
		{752B4D93-70A4-4D9E-9484-94011E6959EC}.Release|x86.ActiveCfg = Release|Any CPU
		{752B4D93-70A4-4D9E-9484-94011E6959EC}.Release|x86.Build.0 = Release|Any CPU
		{5E0676B3-8ECD-45B8-BEDE-C8DBD9181498}.Debug|Any CPU.ActiveCfg = Debug|Any CPU
		{5E0676B3-8ECD-45B8-BEDE-C8DBD9181498}.Debug|Any CPU.Build.0 = Debug|Any CPU
		{5E0676B3-8ECD-45B8-BEDE-C8DBD9181498}.Debug|x86.ActiveCfg = Debug|Any CPU
		{5E0676B3-8ECD-45B8-BEDE-C8DBD9181498}.Debug|x86.Build.0 = Debug|Any CPU
		{5E0676B3-8ECD-45B8-BEDE-C8DBD9181498}.Release|Any CPU.ActiveCfg = Release|Any CPU
		{5E0676B3-8ECD-45B8-BEDE-C8DBD9181498}.Release|Any CPU.Build.0 = Release|Any CPU
		{5E0676B3-8ECD-45B8-BEDE-C8DBD9181498}.Release|x86.ActiveCfg = Release|Any CPU
		{5E0676B3-8ECD-45B8-BEDE-C8DBD9181498}.Release|x86.Build.0 = Release|Any CPU
		{592E2C45-8B93-4D7A-9A70-4684E4108339}.Debug|Any CPU.ActiveCfg = Debug|Any CPU
		{592E2C45-8B93-4D7A-9A70-4684E4108339}.Debug|Any CPU.Build.0 = Debug|Any CPU
		{592E2C45-8B93-4D7A-9A70-4684E4108339}.Debug|x86.ActiveCfg = Debug|Any CPU
		{592E2C45-8B93-4D7A-9A70-4684E4108339}.Debug|x86.Build.0 = Debug|Any CPU
		{592E2C45-8B93-4D7A-9A70-4684E4108339}.Release|Any CPU.ActiveCfg = Release|Any CPU
		{592E2C45-8B93-4D7A-9A70-4684E4108339}.Release|Any CPU.Build.0 = Release|Any CPU
		{592E2C45-8B93-4D7A-9A70-4684E4108339}.Release|x86.ActiveCfg = Release|Any CPU
		{592E2C45-8B93-4D7A-9A70-4684E4108339}.Release|x86.Build.0 = Release|Any CPU
		{7F5F38B9-AFEE-4403-92F4-8A0B48761A7F}.Debug|Any CPU.ActiveCfg = Debug|Any CPU
		{7F5F38B9-AFEE-4403-92F4-8A0B48761A7F}.Debug|Any CPU.Build.0 = Debug|Any CPU
		{7F5F38B9-AFEE-4403-92F4-8A0B48761A7F}.Debug|x86.ActiveCfg = Debug|Any CPU
		{7F5F38B9-AFEE-4403-92F4-8A0B48761A7F}.Debug|x86.Build.0 = Debug|Any CPU
		{7F5F38B9-AFEE-4403-92F4-8A0B48761A7F}.Release|Any CPU.ActiveCfg = Release|Any CPU
		{7F5F38B9-AFEE-4403-92F4-8A0B48761A7F}.Release|Any CPU.Build.0 = Release|Any CPU
		{7F5F38B9-AFEE-4403-92F4-8A0B48761A7F}.Release|x86.ActiveCfg = Release|Any CPU
		{7F5F38B9-AFEE-4403-92F4-8A0B48761A7F}.Release|x86.Build.0 = Release|Any CPU
		{F023EA64-1F9F-4F06-BDEA-ED8754324E68}.Debug|Any CPU.ActiveCfg = Debug|Any CPU
		{F023EA64-1F9F-4F06-BDEA-ED8754324E68}.Debug|Any CPU.Build.0 = Debug|Any CPU
		{F023EA64-1F9F-4F06-BDEA-ED8754324E68}.Debug|x86.ActiveCfg = Debug|Any CPU
		{F023EA64-1F9F-4F06-BDEA-ED8754324E68}.Debug|x86.Build.0 = Debug|Any CPU
		{F023EA64-1F9F-4F06-BDEA-ED8754324E68}.Release|Any CPU.ActiveCfg = Release|Any CPU
		{F023EA64-1F9F-4F06-BDEA-ED8754324E68}.Release|Any CPU.Build.0 = Release|Any CPU
		{F023EA64-1F9F-4F06-BDEA-ED8754324E68}.Release|x86.ActiveCfg = Release|Any CPU
		{F023EA64-1F9F-4F06-BDEA-ED8754324E68}.Release|x86.Build.0 = Release|Any CPU
		{68F693A5-37B3-4DD4-9A9E-F0C7DDB3F209}.Debug|Any CPU.ActiveCfg = Debug|Any CPU
		{68F693A5-37B3-4DD4-9A9E-F0C7DDB3F209}.Debug|Any CPU.Build.0 = Debug|Any CPU
		{68F693A5-37B3-4DD4-9A9E-F0C7DDB3F209}.Debug|x86.ActiveCfg = Debug|Any CPU
		{68F693A5-37B3-4DD4-9A9E-F0C7DDB3F209}.Debug|x86.Build.0 = Debug|Any CPU
		{68F693A5-37B3-4DD4-9A9E-F0C7DDB3F209}.Release|Any CPU.ActiveCfg = Release|Any CPU
		{68F693A5-37B3-4DD4-9A9E-F0C7DDB3F209}.Release|Any CPU.Build.0 = Release|Any CPU
		{68F693A5-37B3-4DD4-9A9E-F0C7DDB3F209}.Release|x86.ActiveCfg = Release|Any CPU
		{68F693A5-37B3-4DD4-9A9E-F0C7DDB3F209}.Release|x86.Build.0 = Release|Any CPU
		{81F43346-88A3-44B6-A1BB-9FC367C638A0}.Debug|Any CPU.ActiveCfg = Debug|Any CPU
		{81F43346-88A3-44B6-A1BB-9FC367C638A0}.Debug|Any CPU.Build.0 = Debug|Any CPU
		{81F43346-88A3-44B6-A1BB-9FC367C638A0}.Debug|x86.ActiveCfg = Debug|Any CPU
		{81F43346-88A3-44B6-A1BB-9FC367C638A0}.Debug|x86.Build.0 = Debug|Any CPU
		{81F43346-88A3-44B6-A1BB-9FC367C638A0}.Release|Any CPU.ActiveCfg = Release|Any CPU
		{81F43346-88A3-44B6-A1BB-9FC367C638A0}.Release|Any CPU.Build.0 = Release|Any CPU
		{81F43346-88A3-44B6-A1BB-9FC367C638A0}.Release|x86.ActiveCfg = Release|Any CPU
		{81F43346-88A3-44B6-A1BB-9FC367C638A0}.Release|x86.Build.0 = Release|Any CPU
		{2E14D79B-060E-49E5-8160-AE73845607B3}.Debug|Any CPU.ActiveCfg = Debug|Any CPU
		{2E14D79B-060E-49E5-8160-AE73845607B3}.Debug|Any CPU.Build.0 = Debug|Any CPU
		{2E14D79B-060E-49E5-8160-AE73845607B3}.Debug|x86.ActiveCfg = Debug|Any CPU
		{2E14D79B-060E-49E5-8160-AE73845607B3}.Debug|x86.Build.0 = Debug|Any CPU
		{2E14D79B-060E-49E5-8160-AE73845607B3}.Release|Any CPU.ActiveCfg = Release|Any CPU
		{2E14D79B-060E-49E5-8160-AE73845607B3}.Release|Any CPU.Build.0 = Release|Any CPU
		{2E14D79B-060E-49E5-8160-AE73845607B3}.Release|x86.ActiveCfg = Release|Any CPU
		{2E14D79B-060E-49E5-8160-AE73845607B3}.Release|x86.Build.0 = Release|Any CPU
		{1ADF6F60-2246-4401-B43A-9AC565F33046}.Debug|Any CPU.ActiveCfg = Debug|Any CPU
		{1ADF6F60-2246-4401-B43A-9AC565F33046}.Debug|Any CPU.Build.0 = Debug|Any CPU
		{1ADF6F60-2246-4401-B43A-9AC565F33046}.Debug|x86.ActiveCfg = Debug|Any CPU
		{1ADF6F60-2246-4401-B43A-9AC565F33046}.Debug|x86.Build.0 = Debug|Any CPU
		{1ADF6F60-2246-4401-B43A-9AC565F33046}.Release|Any CPU.ActiveCfg = Release|Any CPU
		{1ADF6F60-2246-4401-B43A-9AC565F33046}.Release|Any CPU.Build.0 = Release|Any CPU
		{1ADF6F60-2246-4401-B43A-9AC565F33046}.Release|x86.ActiveCfg = Release|Any CPU
		{1ADF6F60-2246-4401-B43A-9AC565F33046}.Release|x86.Build.0 = Release|Any CPU
		{DD58EA42-EDAF-485C-A11F-71444EAB0767}.Debug|Any CPU.ActiveCfg = Debug|Any CPU
		{DD58EA42-EDAF-485C-A11F-71444EAB0767}.Debug|Any CPU.Build.0 = Debug|Any CPU
		{DD58EA42-EDAF-485C-A11F-71444EAB0767}.Debug|x86.ActiveCfg = Debug|Any CPU
		{DD58EA42-EDAF-485C-A11F-71444EAB0767}.Debug|x86.Build.0 = Debug|Any CPU
		{DD58EA42-EDAF-485C-A11F-71444EAB0767}.Release|Any CPU.ActiveCfg = Release|Any CPU
		{DD58EA42-EDAF-485C-A11F-71444EAB0767}.Release|Any CPU.Build.0 = Release|Any CPU
		{DD58EA42-EDAF-485C-A11F-71444EAB0767}.Release|x86.ActiveCfg = Release|Any CPU
		{DD58EA42-EDAF-485C-A11F-71444EAB0767}.Release|x86.Build.0 = Release|Any CPU
		{33E073A2-B6C6-4F75-A38E-F6859424E12A}.Debug|Any CPU.ActiveCfg = Debug|Any CPU
		{33E073A2-B6C6-4F75-A38E-F6859424E12A}.Debug|Any CPU.Build.0 = Debug|Any CPU
		{33E073A2-B6C6-4F75-A38E-F6859424E12A}.Debug|x86.ActiveCfg = Debug|Any CPU
		{33E073A2-B6C6-4F75-A38E-F6859424E12A}.Debug|x86.Build.0 = Debug|Any CPU
		{33E073A2-B6C6-4F75-A38E-F6859424E12A}.Release|Any CPU.ActiveCfg = Release|Any CPU
		{33E073A2-B6C6-4F75-A38E-F6859424E12A}.Release|Any CPU.Build.0 = Release|Any CPU
		{33E073A2-B6C6-4F75-A38E-F6859424E12A}.Release|x86.ActiveCfg = Release|Any CPU
		{33E073A2-B6C6-4F75-A38E-F6859424E12A}.Release|x86.Build.0 = Release|Any CPU
		{14D8A02D-A635-4791-9786-7CEFAD0421C0}.Debug|Any CPU.ActiveCfg = Debug|Any CPU
		{14D8A02D-A635-4791-9786-7CEFAD0421C0}.Debug|Any CPU.Build.0 = Debug|Any CPU
		{14D8A02D-A635-4791-9786-7CEFAD0421C0}.Debug|x86.ActiveCfg = Debug|Any CPU
		{14D8A02D-A635-4791-9786-7CEFAD0421C0}.Debug|x86.Build.0 = Debug|Any CPU
		{14D8A02D-A635-4791-9786-7CEFAD0421C0}.Release|Any CPU.ActiveCfg = Release|Any CPU
		{14D8A02D-A635-4791-9786-7CEFAD0421C0}.Release|Any CPU.Build.0 = Release|Any CPU
		{14D8A02D-A635-4791-9786-7CEFAD0421C0}.Release|x86.ActiveCfg = Release|Any CPU
		{14D8A02D-A635-4791-9786-7CEFAD0421C0}.Release|x86.Build.0 = Release|Any CPU
		{271EBE50-EEF8-4619-B0AE-9EA7F2F8E652}.Debug|Any CPU.ActiveCfg = Debug|Any CPU
		{271EBE50-EEF8-4619-B0AE-9EA7F2F8E652}.Debug|Any CPU.Build.0 = Debug|Any CPU
		{271EBE50-EEF8-4619-B0AE-9EA7F2F8E652}.Debug|x86.ActiveCfg = Debug|Any CPU
		{271EBE50-EEF8-4619-B0AE-9EA7F2F8E652}.Debug|x86.Build.0 = Debug|Any CPU
		{271EBE50-EEF8-4619-B0AE-9EA7F2F8E652}.Release|Any CPU.ActiveCfg = Release|Any CPU
		{271EBE50-EEF8-4619-B0AE-9EA7F2F8E652}.Release|Any CPU.Build.0 = Release|Any CPU
		{271EBE50-EEF8-4619-B0AE-9EA7F2F8E652}.Release|x86.ActiveCfg = Release|Any CPU
		{271EBE50-EEF8-4619-B0AE-9EA7F2F8E652}.Release|x86.Build.0 = Release|Any CPU
		{E05B74D4-86DD-421D-B74C-DE9F819B07C3}.Debug|Any CPU.ActiveCfg = Debug|Any CPU
		{E05B74D4-86DD-421D-B74C-DE9F819B07C3}.Debug|Any CPU.Build.0 = Debug|Any CPU
		{E05B74D4-86DD-421D-B74C-DE9F819B07C3}.Debug|x86.ActiveCfg = Debug|Any CPU
		{E05B74D4-86DD-421D-B74C-DE9F819B07C3}.Debug|x86.Build.0 = Debug|Any CPU
		{E05B74D4-86DD-421D-B74C-DE9F819B07C3}.Release|Any CPU.ActiveCfg = Release|Any CPU
		{E05B74D4-86DD-421D-B74C-DE9F819B07C3}.Release|Any CPU.Build.0 = Release|Any CPU
		{E05B74D4-86DD-421D-B74C-DE9F819B07C3}.Release|x86.ActiveCfg = Release|Any CPU
		{E05B74D4-86DD-421D-B74C-DE9F819B07C3}.Release|x86.Build.0 = Release|Any CPU
		{D144F62F-8873-405C-9010-E5A57A12C6DF}.Debug|Any CPU.ActiveCfg = Debug|Any CPU
		{D144F62F-8873-405C-9010-E5A57A12C6DF}.Debug|Any CPU.Build.0 = Debug|Any CPU
		{D144F62F-8873-405C-9010-E5A57A12C6DF}.Debug|x86.ActiveCfg = Debug|Any CPU
		{D144F62F-8873-405C-9010-E5A57A12C6DF}.Debug|x86.Build.0 = Debug|Any CPU
		{D144F62F-8873-405C-9010-E5A57A12C6DF}.Release|Any CPU.ActiveCfg = Release|Any CPU
		{D144F62F-8873-405C-9010-E5A57A12C6DF}.Release|Any CPU.Build.0 = Release|Any CPU
		{D144F62F-8873-405C-9010-E5A57A12C6DF}.Release|x86.ActiveCfg = Release|Any CPU
		{D144F62F-8873-405C-9010-E5A57A12C6DF}.Release|x86.Build.0 = Release|Any CPU
		{1396CB65-8DB4-4942-B376-1A3366B05D58}.Debug|Any CPU.ActiveCfg = Debug|Any CPU
		{1396CB65-8DB4-4942-B376-1A3366B05D58}.Debug|Any CPU.Build.0 = Debug|Any CPU
		{1396CB65-8DB4-4942-B376-1A3366B05D58}.Debug|x86.ActiveCfg = Debug|Any CPU
		{1396CB65-8DB4-4942-B376-1A3366B05D58}.Debug|x86.Build.0 = Debug|Any CPU
		{1396CB65-8DB4-4942-B376-1A3366B05D58}.Release|Any CPU.ActiveCfg = Release|Any CPU
		{1396CB65-8DB4-4942-B376-1A3366B05D58}.Release|Any CPU.Build.0 = Release|Any CPU
		{1396CB65-8DB4-4942-B376-1A3366B05D58}.Release|x86.ActiveCfg = Release|Any CPU
		{1396CB65-8DB4-4942-B376-1A3366B05D58}.Release|x86.Build.0 = Release|Any CPU
		{B78566F3-4B68-453C-B810-6D916A7DEA91}.Debug|Any CPU.ActiveCfg = Debug|Any CPU
		{B78566F3-4B68-453C-B810-6D916A7DEA91}.Debug|Any CPU.Build.0 = Debug|Any CPU
		{B78566F3-4B68-453C-B810-6D916A7DEA91}.Debug|x86.ActiveCfg = Debug|Any CPU
		{B78566F3-4B68-453C-B810-6D916A7DEA91}.Debug|x86.Build.0 = Debug|Any CPU
		{B78566F3-4B68-453C-B810-6D916A7DEA91}.Release|Any CPU.ActiveCfg = Release|Any CPU
		{B78566F3-4B68-453C-B810-6D916A7DEA91}.Release|Any CPU.Build.0 = Release|Any CPU
		{B78566F3-4B68-453C-B810-6D916A7DEA91}.Release|x86.ActiveCfg = Release|Any CPU
		{B78566F3-4B68-453C-B810-6D916A7DEA91}.Release|x86.Build.0 = Release|Any CPU
	EndGlobalSection
	GlobalSection(SolutionProperties) = preSolution
		HideSolutionNode = FALSE
	EndGlobalSection
	GlobalSection(ExtensibilityGlobals) = postSolution
		SolutionGuid = {BE055D42-8D6E-4368-B551-22C5A92B521C}
	EndGlobalSection
EndGlobal
